
Microsoft Visual Studio Solution File, Format Version 12.00
# Visual Studio Version 17
VisualStudioVersion = 17.9.34714.143
MinimumVisualStudioVersion = 10.0.40219.1
Project("{9A19103F-16F7-4668-BE54-9A1E7A4F7556}") = "PKM.NET.Presentation", "PKM.NET.Game\PKM.NET.Presentation.csproj", "{BA7F8F51-316B-401A-A1E6-AE72D55DB832}"
EndProject
Project("{2150E333-8FDC-42A3-9474-1A3956D46DE8}") = "0 - Notes", "0 - Notes", "{D3269460-1720-4D07-9485-56431E5181CA}"
	ProjectSection(SolutionItems) = preProject
		notes.txt = notes.txt
	EndProjectSection
EndProject
Project("{2150E333-8FDC-42A3-9474-1A3956D46DE8}") = "1 - Presentation", "1 - Presentation", "{12BD4E3F-BEBF-4FC5-85C8-7A6069429C5E}"
EndProject
Project("{2150E333-8FDC-42A3-9474-1A3956D46DE8}") = "2 - Domain", "2 - Domain", "{9813C5B5-F5D6-4C99-9DFE-730CA77DF86A}"
EndProject
Project("{2150E333-8FDC-42A3-9474-1A3956D46DE8}") = "3 - Infrastructure", "3 - Infrastructure", "{5759FC7D-B5B4-4364-9BB6-A883217B0B94}"
EndProject
Project("{9A19103F-16F7-4668-BE54-9A1E7A4F7556}") = "PKM.NET.Infrastructure.Data", "PKM.NET.Infrastructure.Data\PKM.NET.Infrastructure.Data.csproj", "{C66A82A0-E52A-4783-A487-C8487B173FB5}"
EndProject
Project("{9A19103F-16F7-4668-BE54-9A1E7A4F7556}") = "PKM.NET.Infrastructure.Map", "PKM.NET.Infrastructure.Map\PKM.NET.Infrastructure.Map.csproj", "{FF07CCC3-29B7-4394-A554-A9950C4DFF9B}"
EndProject
Project("{9A19103F-16F7-4668-BE54-9A1E7A4F7556}") = "PKM.NET.Domain.Models", "PKM.NET.Domain.Models\PKM.NET.Domain.Models.csproj", "{4F777EC8-DF90-4CB0-A507-8C2746488DFF}"
EndProject
Project("{9A19103F-16F7-4668-BE54-9A1E7A4F7556}") = "PKM.NET.Presentation.Helper", "PKM.NET.Presentation.Helper\PKM.NET.Presentation.Helper.csproj", "{9DAC68D0-6366-48C8-B846-DE4DBAA2062B}"
EndProject
Project("{9A19103F-16F7-4668-BE54-9A1E7A4F7556}") = "PKM.NET.Infrastructure.Lua", "PKM.NET.Infrastructure.Lua\PKM.NET.Infrastructure.Lua.csproj", "{FF2DCB0F-193E-4C78-ADDE-EB6D502889D0}"
EndProject
Project("{2150E333-8FDC-42A3-9474-1A3956D46DE8}") = "4  -Test", "4  -Test", "{490BF0B1-F322-48B7-A239-4A1D48591DF3}"
EndProject
Project("{9A19103F-16F7-4668-BE54-9A1E7A4F7556}") = "PKM.NET.Infrastructure.Files", "PKM.NET.Infrastructure.Files\PKM.NET.Infrastructure.Files.csproj", "{24A52F65-439F-4AE2-84CF-570592E66760}"
EndProject
Project("{2150E333-8FDC-42A3-9474-1A3956D46DE8}") = "5 - Utils", "5 - Utils", "{795801D4-AB87-4EB3-AEFB-7FB74C2AB150}"
EndProject
Project("{FAE04EC0-301F-11D3-BF4B-00C04F79EFBC}") = "PKM.NET.MapEditor", "PKM.NET.MapEditor\PKM.NET.MapEditor.csproj", "{EA599925-F3FF-46FD-8A7C-6C382869D73E}"
EndProject
Global
	GlobalSection(SolutionConfigurationPlatforms) = preSolution
		Debug|Any CPU = Debug|Any CPU
		Release|Any CPU = Release|Any CPU
	EndGlobalSection
	GlobalSection(ProjectConfigurationPlatforms) = postSolution
		{BA7F8F51-316B-401A-A1E6-AE72D55DB832}.Debug|Any CPU.ActiveCfg = Debug|Any CPU
		{BA7F8F51-316B-401A-A1E6-AE72D55DB832}.Debug|Any CPU.Build.0 = Debug|Any CPU
		{BA7F8F51-316B-401A-A1E6-AE72D55DB832}.Release|Any CPU.ActiveCfg = Release|Any CPU
		{BA7F8F51-316B-401A-A1E6-AE72D55DB832}.Release|Any CPU.Build.0 = Release|Any CPU
		{C66A82A0-E52A-4783-A487-C8487B173FB5}.Debug|Any CPU.ActiveCfg = Debug|Any CPU
		{C66A82A0-E52A-4783-A487-C8487B173FB5}.Debug|Any CPU.Build.0 = Debug|Any CPU
		{C66A82A0-E52A-4783-A487-C8487B173FB5}.Release|Any CPU.ActiveCfg = Release|Any CPU
		{C66A82A0-E52A-4783-A487-C8487B173FB5}.Release|Any CPU.Build.0 = Release|Any CPU
		{FF07CCC3-29B7-4394-A554-A9950C4DFF9B}.Debug|Any CPU.ActiveCfg = Debug|Any CPU
		{FF07CCC3-29B7-4394-A554-A9950C4DFF9B}.Debug|Any CPU.Build.0 = Debug|Any CPU
		{FF07CCC3-29B7-4394-A554-A9950C4DFF9B}.Release|Any CPU.ActiveCfg = Release|Any CPU
		{FF07CCC3-29B7-4394-A554-A9950C4DFF9B}.Release|Any CPU.Build.0 = Release|Any CPU
		{4F777EC8-DF90-4CB0-A507-8C2746488DFF}.Debug|Any CPU.ActiveCfg = Debug|Any CPU
		{4F777EC8-DF90-4CB0-A507-8C2746488DFF}.Debug|Any CPU.Build.0 = Debug|Any CPU
		{4F777EC8-DF90-4CB0-A507-8C2746488DFF}.Release|Any CPU.ActiveCfg = Release|Any CPU
		{4F777EC8-DF90-4CB0-A507-8C2746488DFF}.Release|Any CPU.Build.0 = Release|Any CPU
		{9DAC68D0-6366-48C8-B846-DE4DBAA2062B}.Debug|Any CPU.ActiveCfg = Debug|Any CPU
		{9DAC68D0-6366-48C8-B846-DE4DBAA2062B}.Debug|Any CPU.Build.0 = Debug|Any CPU
		{9DAC68D0-6366-48C8-B846-DE4DBAA2062B}.Release|Any CPU.ActiveCfg = Release|Any CPU
		{9DAC68D0-6366-48C8-B846-DE4DBAA2062B}.Release|Any CPU.Build.0 = Release|Any CPU
		{FF2DCB0F-193E-4C78-ADDE-EB6D502889D0}.Debug|Any CPU.ActiveCfg = Debug|Any CPU
		{FF2DCB0F-193E-4C78-ADDE-EB6D502889D0}.Debug|Any CPU.Build.0 = Debug|Any CPU
		{FF2DCB0F-193E-4C78-ADDE-EB6D502889D0}.Release|Any CPU.ActiveCfg = Release|Any CPU
		{FF2DCB0F-193E-4C78-ADDE-EB6D502889D0}.Release|Any CPU.Build.0 = Release|Any CPU
		{24A52F65-439F-4AE2-84CF-570592E66760}.Debug|Any CPU.ActiveCfg = Debug|Any CPU
		{24A52F65-439F-4AE2-84CF-570592E66760}.Debug|Any CPU.Build.0 = Debug|Any CPU
		{24A52F65-439F-4AE2-84CF-570592E66760}.Release|Any CPU.ActiveCfg = Release|Any CPU
		{24A52F65-439F-4AE2-84CF-570592E66760}.Release|Any CPU.Build.0 = Release|Any CPU
		{EA599925-F3FF-46FD-8A7C-6C382869D73E}.Debug|Any CPU.ActiveCfg = Debug|Any CPU
		{EA599925-F3FF-46FD-8A7C-6C382869D73E}.Debug|Any CPU.Build.0 = Debug|Any CPU
		{EA599925-F3FF-46FD-8A7C-6C382869D73E}.Release|Any CPU.ActiveCfg = Release|Any CPU
		{EA599925-F3FF-46FD-8A7C-6C382869D73E}.Release|Any CPU.Build.0 = Release|Any CPU
	EndGlobalSection
	GlobalSection(SolutionProperties) = preSolution
		HideSolutionNode = FALSE
	EndGlobalSection
	GlobalSection(NestedProjects) = preSolution
		{BA7F8F51-316B-401A-A1E6-AE72D55DB832} = {12BD4E3F-BEBF-4FC5-85C8-7A6069429C5E}
		{C66A82A0-E52A-4783-A487-C8487B173FB5} = {5759FC7D-B5B4-4364-9BB6-A883217B0B94}
		{FF07CCC3-29B7-4394-A554-A9950C4DFF9B} = {5759FC7D-B5B4-4364-9BB6-A883217B0B94}
		{4F777EC8-DF90-4CB0-A507-8C2746488DFF} = {9813C5B5-F5D6-4C99-9DFE-730CA77DF86A}
		{9DAC68D0-6366-48C8-B846-DE4DBAA2062B} = {12BD4E3F-BEBF-4FC5-85C8-7A6069429C5E}
		{FF2DCB0F-193E-4C78-ADDE-EB6D502889D0} = {5759FC7D-B5B4-4364-9BB6-A883217B0B94}
		{24A52F65-439F-4AE2-84CF-570592E66760} = {5759FC7D-B5B4-4364-9BB6-A883217B0B94}
		{EA599925-F3FF-46FD-8A7C-6C382869D73E} = {795801D4-AB87-4EB3-AEFB-7FB74C2AB150}
	EndGlobalSection
	GlobalSection(ExtensibilityGlobals) = postSolution
		SolutionGuid = {CE6A4BB8-FC12-4436-B5A0-5B447E9AD989}
	EndGlobalSection
EndGlobal
